
Microsoft Visual Studio Solution File, Format Version 12.00
# Visual Studio Version 17
VisualStudioVersion = 17.6.33927.249
MinimumVisualStudioVersion = 10.0.40219.1
Project("{FAE04EC0-301F-11D3-BF4B-00C04F79EFBC}") = "ReadAndSortNameLists", "ReadAndSortNameLists\ReadAndSortNameLists.csproj", "{4936DC12-E128-4C54-9745-E2B2E78580BB}"
EndProject
Global
	GlobalSection(SolutionConfigurationPlatforms) = preSolution
		Debug|Any CPU = Debug|Any CPU
		Release|Any CPU = Release|Any CPU
	EndGlobalSection
	GlobalSection(ProjectConfigurationPlatforms) = postSolution
		{4936DC12-E128-4C54-9745-E2B2E78580BB}.Debug|Any CPU.ActiveCfg = Debug|Any CPU
		{4936DC12-E128-4C54-9745-E2B2E78580BB}.Debug|Any CPU.Build.0 = Debug|Any CPU
		{4936DC12-E128-4C54-9745-E2B2E78580BB}.Release|Any CPU.ActiveCfg = Release|Any CPU
		{4936DC12-E128-4C54-9745-E2B2E78580BB}.Release|Any CPU.Build.0 = Release|Any CPU
	EndGlobalSection
	GlobalSection(SolutionProperties) = preSolution
		HideSolutionNode = FALSE
	EndGlobalSection
	GlobalSection(ExtensibilityGlobals) = postSolution
		SolutionGuid = {574AE821-1314-4D8C-B225-0E4CFEB70606}
	EndGlobalSection
EndGlobal
